
Microsoft Visual Studio Solution File, Format Version 12.00
# Visual Studio Version 16
VisualStudioVersion = 16.0.30011.22
MinimumVisualStudioVersion = 10.0.40219.1
Project("{FAE04EC0-301F-11D3-BF4B-00C04F79EFBC}") = "PNGtoCLF", "PNGtoCLF\PNGtoCLF.csproj", "{99D563C4-BD0C-48AD-9520-5DB7AB91841C}"
EndProject
Global
	GlobalSection(SolutionConfigurationPlatforms) = preSolution
		Debug|Any CPU = Debug|Any CPU
		Release|Any CPU = Release|Any CPU
	EndGlobalSection
	GlobalSection(ProjectConfigurationPlatforms) = postSolution
		{99D563C4-BD0C-48AD-9520-5DB7AB91841C}.Debug|Any CPU.ActiveCfg = Debug|Any CPU
		{99D563C4-BD0C-48AD-9520-5DB7AB91841C}.Debug|Any CPU.Build.0 = Debug|Any CPU
		{99D563C4-BD0C-48AD-9520-5DB7AB91841C}.Release|Any CPU.ActiveCfg = Release|Any CPU
		{99D563C4-BD0C-48AD-9520-5DB7AB91841C}.Release|Any CPU.Build.0 = Release|Any CPU
	EndGlobalSection
	GlobalSection(SolutionProperties) = preSolution
		HideSolutionNode = FALSE
	EndGlobalSection
	GlobalSection(ExtensibilityGlobals) = postSolution
		SolutionGuid = {FDE7EE05-0F12-437F-ACD4-4C8BD05E0CC4}
	EndGlobalSection
EndGlobal
